
Microsoft Visual Studio Solution File, Format Version 12.00
# Visual Studio Version 17
VisualStudioVersion = 17.14.36518.9
MinimumVisualStudioVersion = 10.0.40219.1
Project("{FAE04EC0-301F-11D3-BF4B-00C04F79EFBC}") = "GumballMachineApp", "GumballMachineApp.csproj", "{C4928A38-A112-4D51-8574-84FB8AF93EA1}"
EndProject
Project("{FAE04EC0-301F-11D3-BF4B-00C04F79EFBC}") = "GumballMachineApp.Tests", "..\GumballMachine.Tests\GumballMachineApp.Tests.csproj", "{E30B3DF8-5CE9-4C55-9170-B43845530C90}"
EndProject
Global
	GlobalSection(SolutionConfigurationPlatforms) = preSolution
		Debug|Any CPU = Debug|Any CPU
		Release|Any CPU = Release|Any CPU
	EndGlobalSection
	GlobalSection(ProjectConfigurationPlatforms) = postSolution
		{C4928A38-A112-4D51-8574-84FB8AF93EA1}.Debug|Any CPU.ActiveCfg = Debug|Any CPU
		{C4928A38-A112-4D51-8574-84FB8AF93EA1}.Debug|Any CPU.Build.0 = Debug|Any CPU
		{C4928A38-A112-4D51-8574-84FB8AF93EA1}.Release|Any CPU.ActiveCfg = Release|Any CPU
		{C4928A38-A112-4D51-8574-84FB8AF93EA1}.Release|Any CPU.Build.0 = Release|Any CPU
		{E30B3DF8-5CE9-4C55-9170-B43845530C90}.Debug|Any CPU.ActiveCfg = Debug|Any CPU
		{E30B3DF8-5CE9-4C55-9170-B43845530C90}.Debug|Any CPU.Build.0 = Debug|Any CPU
		{E30B3DF8-5CE9-4C55-9170-B43845530C90}.Release|Any CPU.ActiveCfg = Release|Any CPU
		{E30B3DF8-5CE9-4C55-9170-B43845530C90}.Release|Any CPU.Build.0 = Release|Any CPU
	EndGlobalSection
	GlobalSection(SolutionProperties) = preSolution
		HideSolutionNode = FALSE
	EndGlobalSection
	GlobalSection(ExtensibilityGlobals) = postSolution
		SolutionGuid = {CB514851-B7CD-4351-B882-3463B5FEC092}
	EndGlobalSection
EndGlobal
