
Microsoft Visual Studio Solution File, Format Version 12.00
# Visual Studio Version 17
VisualStudioVersion = 17.14.36518.9 d17.14
MinimumVisualStudioVersion = 10.0.40219.1
Project("{FAE04EC0-301F-11D3-BF4B-00C04F79EFBC}") = "ObjectAdapter", "ObjectAdapter.csproj", "{521033E7-8C4E-41DB-85B1-64D2BFCBAEA8}"
EndProject
Project("{FAE04EC0-301F-11D3-BF4B-00C04F79EFBC}") = "ObjectAdapter.Tests", "..\ObjectAdapter.Tests\ObjectAdapter.Tests.csproj", "{88B6F6FA-3F4A-4B41-B1B1-EAC895CF8B96}"
EndProject
Global
	GlobalSection(SolutionConfigurationPlatforms) = preSolution
		Debug|Any CPU = Debug|Any CPU
		Release|Any CPU = Release|Any CPU
	EndGlobalSection
	GlobalSection(ProjectConfigurationPlatforms) = postSolution
		{521033E7-8C4E-41DB-85B1-64D2BFCBAEA8}.Debug|Any CPU.ActiveCfg = Debug|Any CPU
		{521033E7-8C4E-41DB-85B1-64D2BFCBAEA8}.Debug|Any CPU.Build.0 = Debug|Any CPU
		{521033E7-8C4E-41DB-85B1-64D2BFCBAEA8}.Release|Any CPU.ActiveCfg = Release|Any CPU
		{521033E7-8C4E-41DB-85B1-64D2BFCBAEA8}.Release|Any CPU.Build.0 = Release|Any CPU
		{88B6F6FA-3F4A-4B41-B1B1-EAC895CF8B96}.Debug|Any CPU.ActiveCfg = Debug|Any CPU
		{88B6F6FA-3F4A-4B41-B1B1-EAC895CF8B96}.Debug|Any CPU.Build.0 = Debug|Any CPU
		{88B6F6FA-3F4A-4B41-B1B1-EAC895CF8B96}.Release|Any CPU.ActiveCfg = Release|Any CPU
		{88B6F6FA-3F4A-4B41-B1B1-EAC895CF8B96}.Release|Any CPU.Build.0 = Release|Any CPU
	EndGlobalSection
	GlobalSection(SolutionProperties) = preSolution
		HideSolutionNode = FALSE
	EndGlobalSection
	GlobalSection(ExtensibilityGlobals) = postSolution
		SolutionGuid = {33ED985D-03CC-485B-A286-E05687B70FA8}
	EndGlobalSection
EndGlobal
